
Microsoft Visual Studio Solution File, Format Version 12.00
# Visual Studio Version 16
VisualStudioVersion = 16.0.29123.88
MinimumVisualStudioVersion = 10.0.40219.1
Project("{FAE04EC0-301F-11D3-BF4B-00C04F79EFBC}") = "PruebaFRM", "PruebaBANCOS\PruebaBANCOS.csproj", "{F88C7172-F976-45E6-9C3B-27FDA8445135}"
EndProject
Global
	GlobalSection(SolutionConfigurationPlatforms) = preSolution
		Debug|Any CPU = Debug|Any CPU
		Release|Any CPU = Release|Any CPU
	EndGlobalSection
	GlobalSection(ProjectConfigurationPlatforms) = postSolution
		{F88C7172-F976-45E6-9C3B-27FDA8445135}.Debug|Any CPU.ActiveCfg = Debug|Any CPU
		{F88C7172-F976-45E6-9C3B-27FDA8445135}.Debug|Any CPU.Build.0 = Debug|Any CPU
		{F88C7172-F976-45E6-9C3B-27FDA8445135}.Release|Any CPU.ActiveCfg = Release|Any CPU
		{F88C7172-F976-45E6-9C3B-27FDA8445135}.Release|Any CPU.Build.0 = Release|Any CPU
	EndGlobalSection
	GlobalSection(SolutionProperties) = preSolution
		HideSolutionNode = FALSE
	EndGlobalSection
	GlobalSection(ExtensibilityGlobals) = postSolution
		SolutionGuid = {0A4DD08F-3D88-42D8-9423-944F930532C4}
	EndGlobalSection
EndGlobal
